
Microsoft Visual Studio Solution File, Format Version 12.00
# Visual Studio Version 16
VisualStudioVersion = 16.0.31729.503
MinimumVisualStudioVersion = 10.0.40219.1
Project("{9A19103F-16F7-4668-BE54-9A1E7A4F7556}") = "ItechArt.Survey.WebApp", "ItechArt.Survey.WebApp\ItechArt.Survey.WebApp.csproj", "{7CF1C5E9-AE08-49A4-9E18-8760BF24F16E}"
EndProject
Project("{9A19103F-16F7-4668-BE54-9A1E7A4F7556}") = "ItechArt.Survey.Foundation", "ItechArt.Survey.Foundation\ItechArt.Survey.Foundation.csproj", "{0FAFA076-D635-4DA9-BBD2-1A3CE2FDE0D5}"
EndProject
Project("{9A19103F-16F7-4668-BE54-9A1E7A4F7556}") = "ItechArt.Survey.Repositories", "ItechArt.Survey.Repositories\ItechArt.Survey.Repositories.csproj", "{83993AA9-B0B2-42FE-9616-6217CD459458}"
EndProject
Project("{9A19103F-16F7-4668-BE54-9A1E7A4F7556}") = "ItechArt.Survey.DomainModel", "ItechArt.Survey.DomainModel\ItechArt.Survey.DomainModel.csproj", "{738807D9-9BDE-46A6-AFC4-38615B0A2BA4}"
EndProject
Project("{9A19103F-16F7-4668-BE54-9A1E7A4F7556}") = "ItechArt.Repositories", "ItechArt.Repositories\ItechArt.Repositories.csproj", "{5153CBFD-18A6-43E0-9E74-C3877669A137}"
EndProject
Project("{9A19103F-16F7-4668-BE54-9A1E7A4F7556}") = "ItechArt.Common", "ItechArt.Common\ItechArt.Common.csproj", "{1754E71A-2C8B-40C8-89C2-B0C7AF1EE411}"
EndProject
Project("{2150E333-8FDC-42A3-9474-1A3956D46DE8}") = "Common", "Common", "{7EB648BC-DF5B-41EE-BECC-108D9D91B7B6}"
EndProject
Project("{2150E333-8FDC-42A3-9474-1A3956D46DE8}") = "Survey", "Survey", "{C940AB76-F83C-4EBD-B2AF-5C6B6C0798B5}"
EndProject
Project("{FAE04EC0-301F-11D3-BF4B-00C04F79EFBC}") = "ItechArt.Survey.Foundation.Abstractions", "ItechArt.Survey.Foundation.Abstractions\ItechArt.Survey.Foundation.Abstractions.csproj", "{4FA00AEC-8402-423F-99CF-579829EA374F}"
EndProject
Global
	GlobalSection(SolutionConfigurationPlatforms) = preSolution
		Debug|Any CPU = Debug|Any CPU
		Release|Any CPU = Release|Any CPU
	EndGlobalSection
	GlobalSection(ProjectConfigurationPlatforms) = postSolution
		{7CF1C5E9-AE08-49A4-9E18-8760BF24F16E}.Debug|Any CPU.ActiveCfg = Debug|Any CPU
		{7CF1C5E9-AE08-49A4-9E18-8760BF24F16E}.Debug|Any CPU.Build.0 = Debug|Any CPU
		{7CF1C5E9-AE08-49A4-9E18-8760BF24F16E}.Release|Any CPU.ActiveCfg = Release|Any CPU
		{7CF1C5E9-AE08-49A4-9E18-8760BF24F16E}.Release|Any CPU.Build.0 = Release|Any CPU
		{0FAFA076-D635-4DA9-BBD2-1A3CE2FDE0D5}.Debug|Any CPU.ActiveCfg = Debug|Any CPU
		{0FAFA076-D635-4DA9-BBD2-1A3CE2FDE0D5}.Debug|Any CPU.Build.0 = Debug|Any CPU
		{0FAFA076-D635-4DA9-BBD2-1A3CE2FDE0D5}.Release|Any CPU.ActiveCfg = Release|Any CPU
		{0FAFA076-D635-4DA9-BBD2-1A3CE2FDE0D5}.Release|Any CPU.Build.0 = Release|Any CPU
		{83993AA9-B0B2-42FE-9616-6217CD459458}.Debug|Any CPU.ActiveCfg = Debug|Any CPU
		{83993AA9-B0B2-42FE-9616-6217CD459458}.Debug|Any CPU.Build.0 = Debug|Any CPU
		{83993AA9-B0B2-42FE-9616-6217CD459458}.Release|Any CPU.ActiveCfg = Release|Any CPU
		{83993AA9-B0B2-42FE-9616-6217CD459458}.Release|Any CPU.Build.0 = Release|Any CPU
		{738807D9-9BDE-46A6-AFC4-38615B0A2BA4}.Debug|Any CPU.ActiveCfg = Debug|Any CPU
		{738807D9-9BDE-46A6-AFC4-38615B0A2BA4}.Debug|Any CPU.Build.0 = Debug|Any CPU
		{738807D9-9BDE-46A6-AFC4-38615B0A2BA4}.Release|Any CPU.ActiveCfg = Release|Any CPU
		{738807D9-9BDE-46A6-AFC4-38615B0A2BA4}.Release|Any CPU.Build.0 = Release|Any CPU
		{5153CBFD-18A6-43E0-9E74-C3877669A137}.Debug|Any CPU.ActiveCfg = Debug|Any CPU
		{5153CBFD-18A6-43E0-9E74-C3877669A137}.Debug|Any CPU.Build.0 = Debug|Any CPU
		{5153CBFD-18A6-43E0-9E74-C3877669A137}.Release|Any CPU.ActiveCfg = Release|Any CPU
		{5153CBFD-18A6-43E0-9E74-C3877669A137}.Release|Any CPU.Build.0 = Release|Any CPU
		{1754E71A-2C8B-40C8-89C2-B0C7AF1EE411}.Debug|Any CPU.ActiveCfg = Debug|Any CPU
		{1754E71A-2C8B-40C8-89C2-B0C7AF1EE411}.Debug|Any CPU.Build.0 = Debug|Any CPU
		{1754E71A-2C8B-40C8-89C2-B0C7AF1EE411}.Release|Any CPU.ActiveCfg = Release|Any CPU
		{1754E71A-2C8B-40C8-89C2-B0C7AF1EE411}.Release|Any CPU.Build.0 = Release|Any CPU
		{4FA00AEC-8402-423F-99CF-579829EA374F}.Debug|Any CPU.ActiveCfg = Debug|Any CPU
		{4FA00AEC-8402-423F-99CF-579829EA374F}.Debug|Any CPU.Build.0 = Debug|Any CPU
		{4FA00AEC-8402-423F-99CF-579829EA374F}.Release|Any CPU.ActiveCfg = Release|Any CPU
		{4FA00AEC-8402-423F-99CF-579829EA374F}.Release|Any CPU.Build.0 = Release|Any CPU
	EndGlobalSection
	GlobalSection(SolutionProperties) = preSolution
		HideSolutionNode = FALSE
	EndGlobalSection
	GlobalSection(ExtensibilityGlobals) = postSolution
		SolutionGuid = {FFA1C0F3-7C4C-4CF9-9D50-D3C8112DD94D}
	EndGlobalSection
	GlobalSection(NestedProjects) = preSolution
		{1754E71A-2C8B-40C8-89C2-B0C7AF1EE411} = {7EB648BC-DF5B-41EE-BECC-108D9D91B7B6}
		{5153CBFD-18A6-43E0-9E74-C3877669A137} = {7EB648BC-DF5B-41EE-BECC-108D9D91B7B6}
		{738807D9-9BDE-46A6-AFC4-38615B0A2BA4} = {C940AB76-F83C-4EBD-B2AF-5C6B6C0798B5}
		{0FAFA076-D635-4DA9-BBD2-1A3CE2FDE0D5} = {C940AB76-F83C-4EBD-B2AF-5C6B6C0798B5}
		{83993AA9-B0B2-42FE-9616-6217CD459458} = {C940AB76-F83C-4EBD-B2AF-5C6B6C0798B5}
		{7CF1C5E9-AE08-49A4-9E18-8760BF24F16E} = {C940AB76-F83C-4EBD-B2AF-5C6B6C0798B5}
		{4FA00AEC-8402-423F-99CF-579829EA374F} = {C940AB76-F83C-4EBD-B2AF-5C6B6C0798B5}
	EndGlobalSection
EndGlobal
